
Microsoft Visual Studio Solution File, Format Version 12.00
# Visual Studio Version 17
VisualStudioVersion = 17.3.32825.248
MinimumVisualStudioVersion = 10.0.40219.1
Project("{FAE04EC0-301F-11D3-BF4B-00C04F79EFBC}") = "Project2", "Project2\Project2.csproj", "{223C2974-597B-48B6-8967-CD9F4F092205}"
EndProject
Global
	GlobalSection(SolutionConfigurationPlatforms) = preSolution
		Debug|Any CPU = Debug|Any CPU
		Release|Any CPU = Release|Any CPU
	EndGlobalSection
	GlobalSection(ProjectConfigurationPlatforms) = postSolution
		{223C2974-597B-48B6-8967-CD9F4F092205}.Debug|Any CPU.ActiveCfg = Debug|Any CPU
		{223C2974-597B-48B6-8967-CD9F4F092205}.Debug|Any CPU.Build.0 = Debug|Any CPU
		{223C2974-597B-48B6-8967-CD9F4F092205}.Release|Any CPU.ActiveCfg = Release|Any CPU
		{223C2974-597B-48B6-8967-CD9F4F092205}.Release|Any CPU.Build.0 = Release|Any CPU
	EndGlobalSection
	GlobalSection(SolutionProperties) = preSolution
		HideSolutionNode = FALSE
	EndGlobalSection
	GlobalSection(ExtensibilityGlobals) = postSolution
		SolutionGuid = {D7F9B929-AC5C-49D2-BBD2-5F65DB838176}
	EndGlobalSection
EndGlobal
